
Microsoft Visual Studio Solution File, Format Version 12.00
# Visual Studio Version 17
VisualStudioVersion = 17.7.34031.279
MinimumVisualStudioVersion = 10.0.40219.1
Project("{FAE04EC0-301F-11D3-BF4B-00C04F79EFBC}") = "ConsoleApp1", "ConsoleApp1.csproj", "{2839B01E-7E7D-437F-A68E-A927534E5DAB}"
EndProject
Global
	GlobalSection(SolutionConfigurationPlatforms) = preSolution
		Debug|Any CPU = Debug|Any CPU
		Release|Any CPU = Release|Any CPU
	EndGlobalSection
	GlobalSection(ProjectConfigurationPlatforms) = postSolution
		{2839B01E-7E7D-437F-A68E-A927534E5DAB}.Debug|Any CPU.ActiveCfg = Debug|Any CPU
		{2839B01E-7E7D-437F-A68E-A927534E5DAB}.Debug|Any CPU.Build.0 = Debug|Any CPU
		{2839B01E-7E7D-437F-A68E-A927534E5DAB}.Release|Any CPU.ActiveCfg = Release|Any CPU
		{2839B01E-7E7D-437F-A68E-A927534E5DAB}.Release|Any CPU.Build.0 = Release|Any CPU
	EndGlobalSection
	GlobalSection(SolutionProperties) = preSolution
		HideSolutionNode = FALSE
	EndGlobalSection
	GlobalSection(ExtensibilityGlobals) = postSolution
		SolutionGuid = {8E9B0715-BFED-46AD-9D60-1EF97262C3DB}
	EndGlobalSection
EndGlobal
